
Microsoft Visual Studio Solution File, Format Version 12.00
# Visual Studio Version 17
VisualStudioVersion = 17.12.35707.178 d17.12
MinimumVisualStudioVersion = 10.0.40219.1
Project("{FAE04EC0-301F-11D3-BF4B-00C04F79EFBC}") = "Api", "VectorSearchMongoApi\Api.csproj", "{C741BB05-F932-439D-BCA5-CA1812DE7378}"
EndProject
Project("{FAE04EC0-301F-11D3-BF4B-00C04F79EFBC}") = "Infra.Data", "Infra.Data\Infra.Data.csproj", "{592B0FFA-7D04-44D6-ADC4-30EA6A49080E}"
EndProject
Project("{FAE04EC0-301F-11D3-BF4B-00C04F79EFBC}") = "Domain", "Domain\Domain.csproj", "{863DFFBC-3CFB-469F-B012-B43A18832E82}"
EndProject
Global
	GlobalSection(SolutionConfigurationPlatforms) = preSolution
		Debug|Any CPU = Debug|Any CPU
		Release|Any CPU = Release|Any CPU
	EndGlobalSection
	GlobalSection(ProjectConfigurationPlatforms) = postSolution
		{C741BB05-F932-439D-BCA5-CA1812DE7378}.Debug|Any CPU.ActiveCfg = Debug|Any CPU
		{C741BB05-F932-439D-BCA5-CA1812DE7378}.Debug|Any CPU.Build.0 = Debug|Any CPU
		{C741BB05-F932-439D-BCA5-CA1812DE7378}.Release|Any CPU.ActiveCfg = Release|Any CPU
		{C741BB05-F932-439D-BCA5-CA1812DE7378}.Release|Any CPU.Build.0 = Release|Any CPU
		{592B0FFA-7D04-44D6-ADC4-30EA6A49080E}.Debug|Any CPU.ActiveCfg = Debug|Any CPU
		{592B0FFA-7D04-44D6-ADC4-30EA6A49080E}.Debug|Any CPU.Build.0 = Debug|Any CPU
		{592B0FFA-7D04-44D6-ADC4-30EA6A49080E}.Release|Any CPU.ActiveCfg = Release|Any CPU
		{592B0FFA-7D04-44D6-ADC4-30EA6A49080E}.Release|Any CPU.Build.0 = Release|Any CPU
		{863DFFBC-3CFB-469F-B012-B43A18832E82}.Debug|Any CPU.ActiveCfg = Debug|Any CPU
		{863DFFBC-3CFB-469F-B012-B43A18832E82}.Debug|Any CPU.Build.0 = Debug|Any CPU
		{863DFFBC-3CFB-469F-B012-B43A18832E82}.Release|Any CPU.ActiveCfg = Release|Any CPU
		{863DFFBC-3CFB-469F-B012-B43A18832E82}.Release|Any CPU.Build.0 = Release|Any CPU
	EndGlobalSection
	GlobalSection(SolutionProperties) = preSolution
		HideSolutionNode = FALSE
	EndGlobalSection
EndGlobal
